// !$*UTF8*$!
{
	archiveVersion = 1;
	classes = {
	};
	objectVersion = 46;
	objects = {

/* Begin PBXBuildFile section */
		EC252ECB1E9E1DA400FF9F9C /* AppDelegate.swift in Sources */ = {isa = PBXBuildFile; fileRef = EC252ECA1E9E1DA400FF9F9C /* AppDelegate.swift */; };
		EC252ECD1E9E1DA400FF9F9C /* ViewController.swift in Sources */ = {isa = PBXBuildFile; fileRef = EC252ECC1E9E1DA400FF9F9C /* ViewController.swift */; };
		EC252ED01E9E1DA400FF9F9C /* Main.storyboard in Resources */ = {isa = PBXBuildFile; fileRef = EC252ECE1E9E1DA400FF9F9C /* Main.storyboard */; };
		EC252ED21E9E1DA400FF9F9C /* Assets.xcassets in Resources */ = {isa = PBXBuildFile; fileRef = EC252ED11E9E1DA400FF9F9C /* Assets.xcassets */; };
		EC252ED51E9E1DA400FF9F9C /* LaunchScreen.storyboard in Resources */ = {isa = PBXBuildFile; fileRef = EC252ED31E9E1DA400FF9F9C /* LaunchScreen.storyboard */; };
		EC252EDF1E9E76D700FF9F9C /* Minecraft.ttf in Resources */ = {isa = PBXBuildFile; fileRef = EC252EDE1E9E76D700FF9F9C /* Minecraft.ttf */; };
		EC252EE11E9E78B500FF9F9C /* btn.wav in Resources */ = {isa = PBXBuildFile; fileRef = EC252EE01E9E78B500FF9F9C /* btn.wav */; };
		ECA720021EA033AF00958C1B /* RetroCalculatorTests.swift in Sources */ = {isa = PBXBuildFile; fileRef = ECA720011EA033AF00958C1B /* RetroCalculatorTests.swift */; };
		ECA720101EA033E500958C1B /* RetroCalculatorUITests.swift in Sources */ = {isa = PBXBuildFile; fileRef = ECA7200F1EA033E500958C1B /* RetroCalculatorUITests.swift */; };
/* End PBXBuildFile section */

/* Begin PBXContainerItemProxy section */
		ECA720041EA033AF00958C1B /* PBXContainerItemProxy */ = {
			isa = PBXContainerItemProxy;
			containerPortal = EC252EBF1E9E1DA400FF9F9C /* Project object */;
			proxyType = 1;
			remoteGlobalIDString = EC252EC61E9E1DA400FF9F9C;
			remoteInfo = RetroCalculator;
		};
		ECA720121EA033E500958C1B /* PBXContainerItemProxy */ = {
			isa = PBXContainerItemProxy;
			containerPortal = EC252EBF1E9E1DA400FF9F9C /* Project object */;
			proxyType = 1;
			remoteGlobalIDString = EC252EC61E9E1DA400FF9F9C;
			remoteInfo = RetroCalculator;
		};
/* End PBXContainerItemProxy section */

/* Begin PBXFileReference section */
		EC252EC71E9E1DA400FF9F9C /* RetroCalculator.app */ = {isa = PBXFileReference; explicitFileType = wrapper.application; includeInIndex = 0; path = RetroCalculator.app; sourceTree = BUILT_PRODUCTS_DIR; };
		EC252ECA1E9E1DA400FF9F9C /* AppDelegate.swift */ = {isa = PBXFileReference; lastKnownFileType = sourcecode.swift; path = AppDelegate.swift; sourceTree = "<group>"; };
		EC252ECC1E9E1DA400FF9F9C /* ViewController.swift */ = {isa = PBXFileReference; lastKnownFileType = sourcecode.swift; path = ViewController.swift; sourceTree = "<group>"; };
		EC252ECF1E9E1DA400FF9F9C /* Base */ = {isa = PBXFileReference; lastKnownFileType = file.storyboard; name = Base; path = Base.lproj/Main.storyboard; sourceTree = "<group>"; };
		EC252ED11E9E1DA400FF9F9C /* Assets.xcassets */ = {isa = PBXFileReference; lastKnownFileType = folder.assetcatalog; path = Assets.xcassets; sourceTree = "<group>"; };
		EC252ED41E9E1DA400FF9F9C /* Base */ = {isa = PBXFileReference; lastKnownFileType = file.storyboard; name = Base; path = Base.lproj/LaunchScreen.storyboard; sourceTree = "<group>"; };
		EC252ED61E9E1DA400FF9F9C /* Info.plist */ = {isa = PBXFileReference; lastKnownFileType = text.plist.xml; path = Info.plist; sourceTree = "<group>"; };
		EC252EDE1E9E76D700FF9F9C /* Minecraft.ttf */ = {isa = PBXFileReference; lastKnownFileType = file; path = Minecraft.ttf; sourceTree = "<group>"; };
		EC252EE01E9E78B500FF9F9C /* btn.wav */ = {isa = PBXFileReference; lastKnownFileType = audio.wav; path = btn.wav; sourceTree = "<group>"; };
		ECA71FFF1EA033AF00958C1B /* RetroCalculatorTests.xctest */ = {isa = PBXFileReference; explicitFileType = wrapper.cfbundle; includeInIndex = 0; path = RetroCalculatorTests.xctest; sourceTree = BUILT_PRODUCTS_DIR; };
		ECA720011EA033AF00958C1B /* RetroCalculatorTests.swift */ = {isa = PBXFileReference; lastKnownFileType = sourcecode.swift; path = RetroCalculatorTests.swift; sourceTree = "<group>"; };
		ECA720031EA033AF00958C1B /* Info.plist */ = {isa = PBXFileReference; lastKnownFileType = text.plist.xml; path = Info.plist; sourceTree = "<group>"; };
		ECA7200D1EA033E500958C1B /* RetroCalculatorUITests.xctest */ = {isa = PBXFileReference; explicitFileType = wrapper.cfbundle; includeInIndex = 0; path = RetroCalculatorUITests.xctest; sourceTree = BUILT_PRODUCTS_DIR; };
		ECA7200F1EA033E500958C1B /* RetroCalculatorUITests.swift */ = {isa = PBXFileReference; lastKnownFileType = sourcecode.swift; path = RetroCalculatorUITests.swift; sourceTree = "<group>"; };
		ECA720111EA033E500958C1B /* Info.plist */ = {isa = PBXFileReference; lastKnownFileType = text.plist.xml; path = Info.plist; sourceTree = "<group>"; };
/* End PBXFileReference section */

/* Begin PBXFrameworksBuildPhase section */
		EC252EC41E9E1DA400FF9F9C /* Frameworks */ = {
			isa = PBXFrameworksBuildPhase;
			buildActionMask = 2147483647;
			files = (
			);
			runOnlyForDeploymentPostprocessing = 0;
		};
		ECA71FFC1EA033AF00958C1B /* Frameworks */ = {
			isa = PBXFrameworksBuildPhase;
			buildActionMask = 2147483647;
			files = (
			);
			runOnlyForDeploymentPostprocessing = 0;
		};
		ECA7200A1EA033E500958C1B /* Frameworks */ = {
			isa = PBXFrameworksBuildPhase;
			buildActionMask = 2147483647;
			files = (
			);
			runOnlyForDeploymentPostprocessing = 0;
		};
/* End PBXFrameworksBuildPhase section */

/* Begin PBXGroup section */
		EC252EBE1E9E1DA400FF9F9C = {
			isa = PBXGroup;
			children = (
				EC252EC91E9E1DA400FF9F9C /* RetroCalculator */,
				ECA720001EA033AF00958C1B /* RetroCalculatorTests */,
				ECA7200E1EA033E500958C1B /* RetroCalculatorUITests */,
				EC252EC81E9E1DA400FF9F9C /* Products */,
			);
			sourceTree = "<group>";
		};
		EC252EC81E9E1DA400FF9F9C /* Products */ = {
			isa = PBXGroup;
			children = (
				EC252EC71E9E1DA400FF9F9C /* RetroCalculator.app */,
				ECA71FFF1EA033AF00958C1B /* RetroCalculatorTests.xctest */,
				ECA7200D1EA033E500958C1B /* RetroCalculatorUITests.xctest */,
			);
			name = Products;
			sourceTree = "<group>";
		};
		EC252EC91E9E1DA400FF9F9C /* RetroCalculator */ = {
			isa = PBXGroup;
			children = (
				EC252EE01E9E78B500FF9F9C /* btn.wav */,
				EC252EDE1E9E76D700FF9F9C /* Minecraft.ttf */,
				EC252ECA1E9E1DA400FF9F9C /* AppDelegate.swift */,
				EC252ECC1E9E1DA400FF9F9C /* ViewController.swift */,
				EC252ECE1E9E1DA400FF9F9C /* Main.storyboard */,
				EC252ED11E9E1DA400FF9F9C /* Assets.xcassets */,
				EC252ED31E9E1DA400FF9F9C /* LaunchScreen.storyboard */,
				EC252ED61E9E1DA400FF9F9C /* Info.plist */,
			);
			path = RetroCalculator;
			sourceTree = "<group>";
		};
		ECA720001EA033AF00958C1B /* RetroCalculatorTests */ = {
			isa = PBXGroup;
			children = (
				ECA720011EA033AF00958C1B /* RetroCalculatorTests.swift */,
				ECA720031EA033AF00958C1B /* Info.plist */,
			);
			path = RetroCalculatorTests;
			sourceTree = "<group>";
		};
		ECA7200E1EA033E500958C1B /* RetroCalculatorUITests */ = {
			isa = PBXGroup;
			children = (
				ECA7200F1EA033E500958C1B /* RetroCalculatorUITests.swift */,
				ECA720111EA033E500958C1B /* Info.plist */,
			);
			path = RetroCalculatorUITests;
			sourceTree = "<group>";
		};
/* End PBXGroup section */

/* Begin PBXNativeTarget section */
		EC252EC61E9E1DA400FF9F9C /* RetroCalculator */ = {
			isa = PBXNativeTarget;
			buildConfigurationList = EC252ED91E9E1DA400FF9F9C /* Build configuration list for PBXNativeTarget "RetroCalculator" */;
			buildPhases = (
				EC252EC31E9E1DA400FF9F9C /* Sources */,
				EC252EC41E9E1DA400FF9F9C /* Frameworks */,
				EC252EC51E9E1DA400FF9F9C /* Resources */,
			);
			buildRules = (
			);
			dependencies = (
			);
			name = RetroCalculator;
			productName = RetroCalculator;
			productReference = EC252EC71E9E1DA400FF9F9C /* RetroCalculator.app */;
			productType = "com.apple.product-type.application";
		};
		ECA71FFE1EA033AF00958C1B /* RetroCalculatorTests */ = {
			isa = PBXNativeTarget;
			buildConfigurationList = ECA720081EA033AF00958C1B /* Build configuration list for PBXNativeTarget "RetroCalculatorTests" */;
			buildPhases = (
				ECA71FFB1EA033AF00958C1B /* Sources */,
				ECA71FFC1EA033AF00958C1B /* Frameworks */,
				ECA71FFD1EA033AF00958C1B /* Resources */,
			);
			buildRules = (
			);
			dependencies = (
				ECA720051EA033AF00958C1B /* PBXTargetDependency */,
			);
			name = RetroCalculatorTests;
			productName = RetroCalculatorTests;
			productReference = ECA71FFF1EA033AF00958C1B /* RetroCalculatorTests.xctest */;
			productType = "com.apple.product-type.bundle.unit-test";
		};
		ECA7200C1EA033E500958C1B /* RetroCalculatorUITests */ = {
			isa = PBXNativeTarget;
			buildConfigurationList = ECA720141EA033E500958C1B /* Build configuration list for PBXNativeTarget "RetroCalculatorUITests" */;
			buildPhases = (
				ECA720091EA033E500958C1B /* Sources */,
				ECA7200A1EA033E500958C1B /* Frameworks */,
				ECA7200B1EA033E500958C1B /* Resources */,
			);
			buildRules = (
			);
			dependencies = (
				ECA720131EA033E500958C1B /* PBXTargetDependency */,
			);
			name = RetroCalculatorUITests;
			productName = RetroCalculatorUITests;
			productReference = ECA7200D1EA033E500958C1B /* RetroCalculatorUITests.xctest */;
			productType = "com.apple.product-type.bundle.ui-testing";
		};
/* End PBXNativeTarget section */

/* Begin PBXProject section */
		EC252EBF1E9E1DA400FF9F9C /* Project object */ = {
			isa = PBXProject;
			attributes = {
				LastSwiftUpdateCheck = 0830;
				LastUpgradeCheck = 0830;
				ORGANIZATIONNAME = "Ismail Hossain";
				TargetAttributes = {
					EC252EC61E9E1DA400FF9F9C = {
						CreatedOnToolsVersion = 8.3.1;
						DevelopmentTeam = Y3C6BG2S4Y;
						ProvisioningStyle = Automatic;
					};
					ECA71FFE1EA033AF00958C1B = {
						CreatedOnToolsVersion = 8.3.1;
						DevelopmentTeam = Y3C6BG2S4Y;
						ProvisioningStyle = Automatic;
						TestTargetID = EC252EC61E9E1DA400FF9F9C;
					};
					ECA7200C1EA033E500958C1B = {
						CreatedOnToolsVersion = 8.3.1;
						DevelopmentTeam = Y3C6BG2S4Y;
						ProvisioningStyle = Automatic;
						TestTargetID = EC252EC61E9E1DA400FF9F9C;
					};
				};
			};
			buildConfigurationList = EC252EC21E9E1DA400FF9F9C /* Build configuration list for PBXProject "RetroCalculator" */;
			compatibilityVersion = "Xcode 3.2";
			developmentRegion = English;
			hasScannedForEncodings = 0;
			knownRegions = (
				en,
				Base,
			);
			mainGroup = EC252EBE1E9E1DA400FF9F9C;
			productRefGroup = EC252EC81E9E1DA400FF9F9C /* Products */;
			projectDirPath = "";
			projectRoot = "";
			targets = (
				EC252EC61E9E1DA400FF9F9C /* RetroCalculator */,
				ECA71FFE1EA033AF00958C1B /* RetroCalculatorTests */,
				ECA7200C1EA033E500958C1B /* RetroCalculatorUITests */,
			);
		};
/* End PBXProject section */

/* Begin PBXResourcesBuildPhase section */
		EC252EC51E9E1DA400FF9F9C /* Resources */ = {
			isa = PBXResourcesBuildPhase;
			buildActionMask = 2147483647;
			files = (
				EC252EE11E9E78B500FF9F9C /* btn.wav in Resources */,
				EC252ED51E9E1DA400FF9F9C /* LaunchScreen.storyboard in Resources */,
				EC252ED21E9E1DA400FF9F9C /* Assets.xcassets in Resources */,
				EC252EDF1E9E76D700FF9F9C /* Minecraft.ttf in Resources */,
				EC252ED01E9E1DA400FF9F9C /* Main.storyboard in Resources */,
			);
			runOnlyForDeploymentPostprocessing = 0;
		};
		ECA71FFD1EA033AF00958C1B /* Resources */ = {
			isa = PBXResourcesBuildPhase;
			buildActionMask = 2147483647;
			files = (
			);
			runOnlyForDeploymentPostprocessing = 0;
		};
		ECA7200B1EA033E500958C1B /* Resources */ = {
			isa = PBXResourcesBuildPhase;
			buildActionMask = 2147483647;
			files = (
			);
			runOnlyForDeploymentPostprocessing = 0;
		};
/* End PBXResourcesBuildPhase section */

/* Begin PBXSourcesBuildPhase section */
		EC252EC31E9E1DA400FF9F9C /* Sources */ = {
			isa = PBXSourcesBuildPhase;
			buildActionMask = 2147483647;
			files = (
				EC252ECD1E9E1DA400FF9F9C /* ViewController.swift in Sources */,
				EC252ECB1E9E1DA400FF9F9C /* AppDelegate.swift in Sources */,
			);
			runOnlyForDeploymentPostprocessing = 0;
		};
		ECA71FFB1EA033AF00958C1B /* Sources */ = {
			isa = PBXSourcesBuildPhase;
			buildActionMask = 2147483647;
			files = (
				ECA720021EA033AF00958C1B /* RetroCalculatorTests.swift in Sources */,
			);
			runOnlyForDeploymentPostprocessing = 0;
		};
		ECA720091EA033E500958C1B /* Sources */ = {
			isa = PBXSourcesBuildPhase;
			buildActionMask = 2147483647;
			files = (
				ECA720101EA033E500958C1B /* RetroCalculatorUITests.swift in Sources */,
			);
			runOnlyForDeploymentPostprocessing = 0;
		};
/* End PBXSourcesBuildPhase section */

/* Begin PBXTargetDependency section */
		ECA720051EA033AF00958C1B /* PBXTargetDependency */ = {
			isa = PBXTargetDependency;
			target = EC252EC61E9E1DA400FF9F9C /* RetroCalculator */;
			targetProxy = ECA720041EA033AF00958C1B /* PBXContainerItemProxy */;
		};
		ECA720131EA033E500958C1B /* PBXTargetDependency */ = {
			isa = PBXTargetDependency;
			target = EC252EC61E9E1DA400FF9F9C /* RetroCalculator */;
			targetProxy = ECA720121EA033E500958C1B /* PBXContainerItemProxy */;
		};
/* End PBXTargetDependency section */

/* Begin PBXVariantGroup section */
		EC252ECE1E9E1DA400FF9F9C /* Main.storyboard */ = {
			isa = PBXVariantGroup;
			children = (
				EC252ECF1E9E1DA400FF9F9C /* Base */,
			);
			name = Main.storyboard;
			sourceTree = "<group>";
		};
		EC252ED31E9E1DA400FF9F9C /* LaunchScreen.storyboard */ = {
			isa = PBXVariantGroup;
			children = (
				EC252ED41E9E1DA400FF9F9C /* Base */,
			);
			name = LaunchScreen.storyboard;
			sourceTree = "<group>";
		};
/* End PBXVariantGroup section */

/* Begin XCBuildConfiguration section */
		EC252ED71E9E1DA400FF9F9C /* Debug */ = {
			isa = XCBuildConfiguration;
			buildSettings = {
				ALWAYS_SEARCH_USER_PATHS = NO;
				CLANG_ANALYZER_NONNULL = YES;
				CLANG_ANALYZER_NUMBER_OBJECT_CONVERSION = YES_AGGRESSIVE;
				CLANG_CXX_LANGUAGE_STANDARD = "gnu++0x";
				CLANG_CXX_LIBRARY = "libc++";
				CLANG_ENABLE_MODULES = YES;
				CLANG_ENABLE_OBJC_ARC = YES;
				CLANG_WARN_BOOL_CONVERSION = YES;
				CLANG_WARN_CONSTANT_CONVERSION = YES;
				CLANG_WARN_DIRECT_OBJC_ISA_USAGE = YES_ERROR;
				CLANG_WARN_DOCUMENTATION_COMMENTS = YES;
				CLANG_WARN_EMPTY_BODY = YES;
				CLANG_WARN_ENUM_CONVERSION = YES;
				CLANG_WARN_INFINITE_RECURSION = YES;
				CLANG_WARN_INT_CONVERSION = YES;
				CLANG_WARN_OBJC_ROOT_CLASS = YES_ERROR;
				CLANG_WARN_SUSPICIOUS_MOVE = YES;
				CLANG_WARN_UNREACHABLE_CODE = YES;
				CLANG_WARN__DUPLICATE_METHOD_MATCH = YES;
				"CODE_SIGN_IDENTITY[sdk=iphoneos*]" = "iPhone Developer";
				COPY_PHASE_STRIP = NO;
				DEBUG_INFORMATION_FORMAT = dwarf;
				ENABLE_STRICT_OBJC_MSGSEND = YES;
				ENABLE_TESTABILITY = YES;
				GCC_C_LANGUAGE_STANDARD = gnu99;
				GCC_DYNAMIC_NO_PIC = NO;
				GCC_NO_COMMON_BLOCKS = YES;
				GCC_OPTIMIZATION_LEVEL = 0;
				GCC_PREPROCESSOR_DEFINITIONS = (
					"DEBUG=1",
					"$(inherited)",
				);
				GCC_WARN_64_TO_32_BIT_CONVERSION = YES;
				GCC_WARN_ABOUT_RETURN_TYPE = YES_ERROR;
				GCC_WARN_UNDECLARED_SELECTOR = YES;
				GCC_WARN_UNINITIALIZED_AUTOS = YES_AGGRESSIVE;
				GCC_WARN_UNUSED_FUNCTION = YES;
				GCC_WARN_UNUSED_VARIABLE = YES;
				IPHONEOS_DEPLOYMENT_TARGET = 10.3;
				MTL_ENABLE_DEBUG_INFO = YES;
				ONLY_ACTIVE_ARCH = YES;
				SDKROOT = iphoneos;
				SWIFT_ACTIVE_COMPILATION_CONDITIONS = DEBUG;
				SWIFT_OPTIMIZATION_LEVEL = "-Onone";
			};
			name = Debug;
		};
		EC252ED81E9E1DA400FF9F9C /* Release */ = {
			isa = XCBuildConfiguration;
			buildSettings = {
				ALWAYS_SEARCH_USER_PATHS = NO;
				CLANG_ANALYZER_NONNULL = YES;
				CLANG_ANALYZER_NUMBER_OBJECT_CONVERSION = YES_AGGRESSIVE;
				CLANG_CXX_LANGUAGE_STANDARD = "gnu++0x";
				CLANG_CXX_LIBRARY = "libc++";
				CLANG_ENABLE_MODULES = YES;
				CLANG_ENABLE_OBJC_ARC = YES;
				CLANG_WARN_BOOL_CONVERSION = YES;
				CLANG_WARN_CONSTANT_CONVERSION = YES;
				CLANG_WARN_DIRECT_OBJC_ISA_USAGE = YES_ERROR;
				CLANG_WARN_DOCUMENTATION_COMMENTS = YES;
				CLANG_WARN_EMPTY_BODY = YES;
				CLANG_WARN_ENUM_CONVERSION = YES;
				CLANG_WARN_INFINITE_RECURSION = YES;
				CLANG_WARN_INT_CONVERSION = YES;
				CLANG_WARN_OBJC_ROOT_CLASS = YES_ERROR;
				CLANG_WARN_SUSPICIOUS_MOVE = YES;
				CLANG_WARN_UNREACHABLE_CODE = YES;
				CLANG_WARN__DUPLICATE_METHOD_MATCH = YES;
				"CODE_SIGN_IDENTITY[sdk=iphoneos*]" = "iPhone Developer";
				COPY_PHASE_STRIP = NO;
				DEBUG_INFORMATION_FORMAT = "dwarf-with-dsym";
				ENABLE_NS_ASSERTIONS = NO;
				ENABLE_STRICT_OBJC_MSGSEND = YES;
				GCC_C_LANGUAGE_STANDARD = gnu99;
				GCC_NO_COMMON_BLOCKS = YES;
				GCC_WARN_64_TO_32_BIT_CONVERSION = YES;
				GCC_WARN_ABOUT_RETURN_TYPE = YES_ERROR;
				GCC_WARN_UNDECLARED_SELECTOR = YES;
				GCC_WARN_UNINITIALIZED_AUTOS = YES_AGGRESSIVE;
				GCC_WARN_UNUSED_FUNCTION = YES;
				GCC_WARN_UNUSED_VARIABLE = YES;
				IPHONEOS_DEPLOYMENT_TARGET = 10.3;
				MTL_ENABLE_DEBUG_INFO = NO;
				SDKROOT = iphoneos;
				SWIFT_OPTIMIZATION_LEVEL = "-Owholemodule";
				VALIDATE_PRODUCT = YES;
			};
			name = Release;
		};
		EC252EDA1E9E1DA400FF9F9C /* Debug */ = {
			isa = XCBuildConfiguration;
			buildSettings = {
				ASSETCATALOG_COMPILER_APPICON_NAME = AppIcon;
				DEVELOPMENT_TEAM = Y3C6BG2S4Y;
				INFOPLIST_FILE = RetroCalculator/Info.plist;
				LD_RUNPATH_SEARCH_PATHS = "$(inherited) @executable_path/Frameworks";
				PRODUCT_BUNDLE_IDENTIFIER = com.ihossain.RetroCalculator;
				PRODUCT_NAME = "$(TARGET_NAME)";
				SWIFT_VERSION = 3.0;
			};
			name = Debug;
		};
		EC252EDB1E9E1DA400FF9F9C /* Release */ = {
			isa = XCBuildConfiguration;
			buildSettings = {
				ASSETCATALOG_COMPILER_APPICON_NAME = AppIcon;
				DEVELOPMENT_TEAM = Y3C6BG2S4Y;
				INFOPLIST_FILE = RetroCalculator/Info.plist;
				LD_RUNPATH_SEARCH_PATHS = "$(inherited) @executable_path/Frameworks";
				PRODUCT_BUNDLE_IDENTIFIER = com.ihossain.RetroCalculator;
				PRODUCT_NAME = "$(TARGET_NAME)";
				SWIFT_VERSION = 3.0;
			};
			name = Release;
		};
		ECA720061EA033AF00958C1B /* Debug */ = {
			isa = XCBuildConfiguration;
			buildSettings = {
				BUNDLE_LOADER = "$(TEST_HOST)";
				DEVELOPMENT_TEAM = Y3C6BG2S4Y;
				INFOPLIST_FILE = RetroCalculatorTests/Info.plist;
				LD_RUNPATH_SEARCH_PATHS = "$(inherited) @executable_path/Frameworks @loader_path/Frameworks";
				PRODUCT_BUNDLE_IDENTIFIER = com.ihossain.RetroCalculatorTests;
				PRODUCT_NAME = "$(TARGET_NAME)";
				SWIFT_VERSION = 3.0;
				TEST_HOST = "$(BUILT_PRODUCTS_DIR)/RetroCalculator.app/RetroCalculator";
			};
			name = Debug;
		};
		ECA720071EA033AF00958C1B /* Release */ = {
			isa = XCBuildConfiguration;
			buildSettings = {
				BUNDLE_LOADER = "$(TEST_HOST)";
				DEVELOPMENT_TEAM = Y3C6BG2S4Y;
				INFOPLIST_FILE = RetroCalculatorTests/Info.plist;
				LD_RUNPATH_SEARCH_PATHS = "$(inherited) @executable_path/Frameworks @loader_path/Frameworks";
				PRODUCT_BUNDLE_IDENTIFIER = com.ihossain.RetroCalculatorTests;
				PRODUCT_NAME = "$(TARGET_NAME)";
				SWIFT_VERSION = 3.0;
				TEST_HOST = "$(BUILT_PRODUCTS_DIR)/RetroCalculator.app/RetroCalculator";
			};
			name = Release;
		};
		ECA720151EA033E500958C1B /* Debug */ = {
			isa = XCBuildConfiguration;
			buildSettings = {
				DEVELOPMENT_TEAM = Y3C6BG2S4Y;
				INFOPLIST_FILE = RetroCalculatorUITests/Info.plist;
				LD_RUNPATH_SEARCH_PATHS = "$(inherited) @executable_path/Frameworks @loader_path/Frameworks";
				PRODUCT_BUNDLE_IDENTIFIER = com.ihossain.RetroCalculatorUITests;
				PRODUCT_NAME = "$(TARGET_NAME)";
				SWIFT_VERSION = 3.0;
				TEST_TARGET_NAME = RetroCalculator;
			};
			name = Debug;
		};
		ECA720161EA033E500958C1B /* Release */ = {
			isa = XCBuildConfiguration;
			buildSettings = {
				DEVELOPMENT_TEAM = Y3C6BG2S4Y;
				INFOPLIST_FILE = RetroCalculatorUITests/Info.plist;
				LD_RUNPATH_SEARCH_PATHS = "$(inherited) @executable_path/Frameworks @loader_path/Frameworks";
				PRODUCT_BUNDLE_IDENTIFIER = com.ihossain.RetroCalculatorUITests;
				PRODUCT_NAME = "$(TARGET_NAME)";
				SWIFT_VERSION = 3.0;
				TEST_TARGET_NAME = RetroCalculator;
			};
			name = Release;
		};
/* End XCBuildConfiguration section */

/* Begin XCConfigurationList section */
		EC252EC21E9E1DA400FF9F9C /* Build configuration list for PBXProject "RetroCalculator" */ = {
			isa = XCConfigurationList;
			buildConfigurations = (
				EC252ED71E9E1DA400FF9F9C /* Debug */,
				EC252ED81E9E1DA400FF9F9C /* Release */,
			);
			defaultConfigurationIsVisible = 0;
			defaultConfigurationName = Release;
		};
		EC252ED91E9E1DA400FF9F9C /* Build configuration list for PBXNativeTarget "RetroCalculator" */ = {
			isa = XCConfigurationList;
			buildConfigurations = (
				EC252EDA1E9E1DA400FF9F9C /* Debug */,
				EC252EDB1E9E1DA400FF9F9C /* Release */,
			);
			defaultConfigurationIsVisible = 0;
			defaultConfigurationName = Release;
		};
		ECA720081EA033AF00958C1B /* Build configuration list for PBXNativeTarget "RetroCalculatorTests" */ = {
			isa = XCConfigurationList;
			buildConfigurations = (
				ECA720061EA033AF00958C1B /* Debug */,
				ECA720071EA033AF00958C1B /* Release */,
			);
			defaultConfigurationIsVisible = 0;
		};
		ECA720141EA033E500958C1B /* Build configuration list for PBXNativeTarget "RetroCalculatorUITests" */ = {
			isa = XCConfigurationList;
			buildConfigurations = (
				ECA720151EA033E500958C1B /* Debug */,
				ECA720161EA033E500958C1B /* Release */,
			);
			defaultConfigurationIsVisible = 0;
		};
/* End XCConfigurationList section */
	};
	rootObject = EC252EBF1E9E1DA400FF9F9C /* Project object */;
}
